
Microsoft Visual Studio Solution File, Format Version 12.00
# Visual Studio 2012
Project("{8BC9CEB8-8B4A-11D0-8D11-00A0C91BC942}") = "WDGReadDataFolderFirst", "WDGReadDataFolderFirst\WDGReadDataFolderFirst.vcxproj", "{525D3404-3998-4368-BDDD-9EC85FDD2DC8}"
EndProject
Project("{8BC9CEB8-8B4A-11D0-8D11-00A0C91BC942}") = "WDGForceClientHashPacket", "WDGForceClientHashPacket\WDGForceClientHashPacket.vcxproj", "{F9770F51-0B6B-4C78-B756-53298667D3D1}"
EndProject
Global
	GlobalSection(SolutionConfigurationPlatforms) = preSolution
		Debug|Win32 = Debug|Win32
		Release|Win32 = Release|Win32
	EndGlobalSection
	GlobalSection(ProjectConfigurationPlatforms) = postSolution
		{525D3404-3998-4368-BDDD-9EC85FDD2DC8}.Debug|Win32.ActiveCfg = Debug|Win32
		{525D3404-3998-4368-BDDD-9EC85FDD2DC8}.Debug|Win32.Build.0 = Debug|Win32
		{525D3404-3998-4368-BDDD-9EC85FDD2DC8}.Release|Win32.ActiveCfg = Release|Win32
		{525D3404-3998-4368-BDDD-9EC85FDD2DC8}.Release|Win32.Build.0 = Release|Win32
		{F9770F51-0B6B-4C78-B756-53298667D3D1}.Debug|Win32.ActiveCfg = Debug|Win32
		{F9770F51-0B6B-4C78-B756-53298667D3D1}.Debug|Win32.Build.0 = Debug|Win32
		{F9770F51-0B6B-4C78-B756-53298667D3D1}.Release|Win32.ActiveCfg = Release|Win32
		{F9770F51-0B6B-4C78-B756-53298667D3D1}.Release|Win32.Build.0 = Release|Win32
	EndGlobalSection
	GlobalSection(SolutionProperties) = preSolution
		HideSolutionNode = FALSE
	EndGlobalSection
EndGlobal
